// !$*UTF8*$!
{
	archiveVersion = 1;
	classes = {
	};
	objectVersion = 50;
	objects = {

/* Begin PBXBuildFile section */
		7912069026208C77008FF6CF /* String+isValidEmail.swift in Sources */ = {isa = PBXBuildFile; fileRef = 7912068F26208C77008FF6CF /* String+isValidEmail.swift */; };
		7912069326208C8F008FF6CF /* Double+TimeConverter.swift in Sources */ = {isa = PBXBuildFile; fileRef = 7912069226208C8F008FF6CF /* Double+TimeConverter.swift */; };
		7932929821FF12D700589385 /* AppDelegate.swift in Sources */ = {isa = PBXBuildFile; fileRef = 7932929721FF12D700589385 /* AppDelegate.swift */; };
		7932929A21FF12D700589385 /* TextViewController.swift in Sources */ = {isa = PBXBuildFile; fileRef = 7932929921FF12D700589385 /* TextViewController.swift */; };
		7932929C21FF12D700589385 /* Document.swift in Sources */ = {isa = PBXBuildFile; fileRef = 7932929B21FF12D700589385 /* Document.swift */; };
		7932929E21FF12D900589385 /* Assets.xcassets in Resources */ = {isa = PBXBuildFile; fileRef = 7932929D21FF12D900589385 /* Assets.xcassets */; };
		793292A121FF12D900589385 /* Main.storyboard in Resources */ = {isa = PBXBuildFile; fileRef = 7932929F21FF12D900589385 /* Main.storyboard */; };
		793292AA21FF1EEE00589385 /* WindowController.swift in Sources */ = {isa = PBXBuildFile; fileRef = 793292A921FF1EEE00589385 /* WindowController.swift */; };
		793292B021FF22C600589385 /* WordCountVC.swift in Sources */ = {isa = PBXBuildFile; fileRef = 793292AF21FF22C600589385 /* WordCountVC.swift */; };
		7970653F22009F130097B5DE /* Email.swift in Sources */ = {isa = PBXBuildFile; fileRef = 7970653E22009F130097B5DE /* Email.swift */; };
/* End PBXBuildFile section */

/* Begin PBXFileReference section */
		7912068F26208C77008FF6CF /* String+isValidEmail.swift */ = {isa = PBXFileReference; lastKnownFileType = sourcecode.swift; path = "String+isValidEmail.swift"; sourceTree = "<group>"; };
		7912069226208C8F008FF6CF /* Double+TimeConverter.swift */ = {isa = PBXFileReference; lastKnownFileType = sourcecode.swift; path = "Double+TimeConverter.swift"; sourceTree = "<group>"; };
		7932929421FF12D700589385 /* Dreadline.app */ = {isa = PBXFileReference; explicitFileType = wrapper.application; includeInIndex = 0; path = Dreadline.app; sourceTree = BUILT_PRODUCTS_DIR; };
		7932929721FF12D700589385 /* AppDelegate.swift */ = {isa = PBXFileReference; lastKnownFileType = sourcecode.swift; path = AppDelegate.swift; sourceTree = "<group>"; };
		7932929921FF12D700589385 /* TextViewController.swift */ = {isa = PBXFileReference; lastKnownFileType = sourcecode.swift; path = TextViewController.swift; sourceTree = "<group>"; };
		7932929B21FF12D700589385 /* Document.swift */ = {isa = PBXFileReference; lastKnownFileType = sourcecode.swift; path = Document.swift; sourceTree = "<group>"; };
		7932929D21FF12D900589385 /* Assets.xcassets */ = {isa = PBXFileReference; lastKnownFileType = folder.assetcatalog; path = Assets.xcassets; sourceTree = "<group>"; };
		793292A021FF12D900589385 /* Base */ = {isa = PBXFileReference; lastKnownFileType = file.storyboard; name = Base; path = Base.lproj/Main.storyboard; sourceTree = "<group>"; };
		793292A221FF12D900589385 /* Info.plist */ = {isa = PBXFileReference; lastKnownFileType = text.plist.xml; path = Info.plist; sourceTree = "<group>"; };
		793292A321FF12D900589385 /* Dreadline.entitlements */ = {isa = PBXFileReference; lastKnownFileType = text.plist.entitlements; path = Dreadline.entitlements; sourceTree = "<group>"; };
		793292A921FF1EEE00589385 /* WindowController.swift */ = {isa = PBXFileReference; lastKnownFileType = sourcecode.swift; path = WindowController.swift; sourceTree = "<group>"; };
		793292AF21FF22C600589385 /* WordCountVC.swift */ = {isa = PBXFileReference; lastKnownFileType = sourcecode.swift; path = WordCountVC.swift; sourceTree = "<group>"; };
		7970653E22009F130097B5DE /* Email.swift */ = {isa = PBXFileReference; lastKnownFileType = sourcecode.swift; path = Email.swift; sourceTree = "<group>"; };
/* End PBXFileReference section */

/* Begin PBXFrameworksBuildPhase section */
		7932929121FF12D700589385 /* Frameworks */ = {
			isa = PBXFrameworksBuildPhase;
			buildActionMask = 2147483647;
			files = (
			);
			runOnlyForDeploymentPostprocessing = 0;
		};
/* End PBXFrameworksBuildPhase section */

/* Begin PBXGroup section */
		7912068E26208C61008FF6CF /* Extensions */ = {
			isa = PBXGroup;
			children = (
				7912069226208C8F008FF6CF /* Double+TimeConverter.swift */,
				7912068F26208C77008FF6CF /* String+isValidEmail.swift */,
			);
			path = Extensions;
			sourceTree = "<group>";
		};
		7932928B21FF12D700589385 = {
			isa = PBXGroup;
			children = (
				7932929621FF12D700589385 /* Dreadline */,
				7932929521FF12D700589385 /* Products */,
			);
			sourceTree = "<group>";
		};
		7932929521FF12D700589385 /* Products */ = {
			isa = PBXGroup;
			children = (
				7932929421FF12D700589385 /* Dreadline.app */,
			);
			name = Products;
			sourceTree = "<group>";
		};
		7932929621FF12D700589385 /* Dreadline */ = {
			isa = PBXGroup;
			children = (
				7932929721FF12D700589385 /* AppDelegate.swift */,
				793292A221FF12D900589385 /* Info.plist */,
				793292A321FF12D900589385 /* Dreadline.entitlements */,
				793292AC21FF1F1900589385 /* Model */,
				793292AD21FF1F2300589385 /* View */,
				793292AB21FF1EF600589385 /* ViewController */,
				7912068E26208C61008FF6CF /* Extensions */,
				793292AE21FF1F3F00589385 /* Assets */,
			);
			path = Dreadline;
			sourceTree = "<group>";
		};
		793292AB21FF1EF600589385 /* ViewController */ = {
			isa = PBXGroup;
			children = (
				7932929921FF12D700589385 /* TextViewController.swift */,
				793292A921FF1EEE00589385 /* WindowController.swift */,
				793292AF21FF22C600589385 /* WordCountVC.swift */,
			);
			path = ViewController;
			sourceTree = "<group>";
		};
		793292AC21FF1F1900589385 /* Model */ = {
			isa = PBXGroup;
			children = (
				7932929B21FF12D700589385 /* Document.swift */,
				7970653E22009F130097B5DE /* Email.swift */,
			);
			path = Model;
			sourceTree = "<group>";
		};
		793292AD21FF1F2300589385 /* View */ = {
			isa = PBXGroup;
			children = (
				7932929F21FF12D900589385 /* Main.storyboard */,
			);
			path = View;
			sourceTree = "<group>";
		};
		793292AE21FF1F3F00589385 /* Assets */ = {
			isa = PBXGroup;
			children = (
				7932929D21FF12D900589385 /* Assets.xcassets */,
			);
			path = Assets;
			sourceTree = "<group>";
		};
/* End PBXGroup section */

/* Begin PBXNativeTarget section */
		7932929321FF12D700589385 /* Dreadline */ = {
			isa = PBXNativeTarget;
			buildConfigurationList = 793292A621FF12D900589385 /* Build configuration list for PBXNativeTarget "Dreadline" */;
			buildPhases = (
				7932929021FF12D700589385 /* Sources */,
				7932929121FF12D700589385 /* Frameworks */,
				7932929221FF12D700589385 /* Resources */,
				7912068C26208B11008FF6CF /* ShellScript */,
			);
			buildRules = (
			);
			dependencies = (
			);
			name = Dreadline;
			productName = Dreadline;
			productReference = 7932929421FF12D700589385 /* Dreadline.app */;
			productType = "com.apple.product-type.application";
		};
/* End PBXNativeTarget section */

/* Begin PBXProject section */
		7932928C21FF12D700589385 /* Project object */ = {
			isa = PBXProject;
			attributes = {
				LastSwiftUpdateCheck = 1010;
				LastUpgradeCheck = 1420;
				ORGANIZATIONNAME = "Garagem Infinita";
				TargetAttributes = {
					7932929321FF12D700589385 = {
						CreatedOnToolsVersion = 10.1;
						LastSwiftMigration = 1240;
					};
				};
			};
			buildConfigurationList = 7932928F21FF12D700589385 /* Build configuration list for PBXProject "Dreadline" */;
			compatibilityVersion = "Xcode 9.3";
			developmentRegion = en;
			hasScannedForEncodings = 0;
			knownRegions = (
				en,
				Base,
			);
			mainGroup = 7932928B21FF12D700589385;
			productRefGroup = 7932929521FF12D700589385 /* Products */;
			projectDirPath = "";
			projectRoot = "";
			targets = (
				7932929321FF12D700589385 /* Dreadline */,
			);
		};
/* End PBXProject section */

/* Begin PBXResourcesBuildPhase section */
		7932929221FF12D700589385 /* Resources */ = {
			isa = PBXResourcesBuildPhase;
			buildActionMask = 2147483647;
			files = (
				7932929E21FF12D900589385 /* Assets.xcassets in Resources */,
				793292A121FF12D900589385 /* Main.storyboard in Resources */,
			);
			runOnlyForDeploymentPostprocessing = 0;
		};
/* End PBXResourcesBuildPhase section */

/* Begin PBXShellScriptBuildPhase section */
		7912068C26208B11008FF6CF /* ShellScript */ = {
			isa = PBXShellScriptBuildPhase;
			buildActionMask = 2147483647;
			files = (
			);
			inputFileListPaths = (
			);
			inputPaths = (
			);
			outputFileListPaths = (
			);
			outputPaths = (
			);
			runOnlyForDeploymentPostprocessing = 0;
			shellPath = /bin/sh;
			shellScript = "if which swiftlint >/dev/null; then\n  swiftlint\nelse\n  echo \"warning: SwiftLint not installed, download from https://github.com/realm/SwiftLint\"\nfi\n";
		};
/* End PBXShellScriptBuildPhase section */

/* Begin PBXSourcesBuildPhase section */
		7932929021FF12D700589385 /* Sources */ = {
			isa = PBXSourcesBuildPhase;
			buildActionMask = 2147483647;
			files = (
				7932929A21FF12D700589385 /* TextViewController.swift in Sources */,
				793292AA21FF1EEE00589385 /* WindowController.swift in Sources */,
				7912069326208C8F008FF6CF /* Double+TimeConverter.swift in Sources */,
				7932929821FF12D700589385 /* AppDelegate.swift in Sources */,
				793292B021FF22C600589385 /* WordCountVC.swift in Sources */,
				7912069026208C77008FF6CF /* String+isValidEmail.swift in Sources */,
				7932929C21FF12D700589385 /* Document.swift in Sources */,
				7970653F22009F130097B5DE /* Email.swift in Sources */,
			);
			runOnlyForDeploymentPostprocessing = 0;
		};
/* End PBXSourcesBuildPhase section */

/* Begin PBXVariantGroup section */
		7932929F21FF12D900589385 /* Main.storyboard */ = {
			isa = PBXVariantGroup;
			children = (
				793292A021FF12D900589385 /* Base */,
			);
			name = Main.storyboard;
			sourceTree = "<group>";
		};
/* End PBXVariantGroup section */

/* Begin XCBuildConfiguration section */
		793292A421FF12D900589385 /* Debug */ = {
			isa = XCBuildConfiguration;
			buildSettings = {
				ALWAYS_SEARCH_USER_PATHS = NO;
				CLANG_ANALYZER_NONNULL = YES;
				CLANG_ANALYZER_NUMBER_OBJECT_CONVERSION = YES_AGGRESSIVE;
				CLANG_CXX_LANGUAGE_STANDARD = "gnu++14";
				CLANG_CXX_LIBRARY = "libc++";
				CLANG_ENABLE_MODULES = YES;
				CLANG_ENABLE_OBJC_ARC = YES;
				CLANG_ENABLE_OBJC_WEAK = YES;
				CLANG_WARN_BLOCK_CAPTURE_AUTORELEASING = YES;
				CLANG_WARN_BOOL_CONVERSION = YES;
				CLANG_WARN_COMMA = YES;
				CLANG_WARN_CONSTANT_CONVERSION = YES;
				CLANG_WARN_DEPRECATED_OBJC_IMPLEMENTATIONS = YES;
				CLANG_WARN_DIRECT_OBJC_ISA_USAGE = YES_ERROR;
				CLANG_WARN_DOCUMENTATION_COMMENTS = YES;
				CLANG_WARN_EMPTY_BODY = YES;
				CLANG_WARN_ENUM_CONVERSION = YES;
				CLANG_WARN_INFINITE_RECURSION = YES;
				CLANG_WARN_INT_CONVERSION = YES;
				CLANG_WARN_NON_LITERAL_NULL_CONVERSION = YES;
				CLANG_WARN_OBJC_IMPLICIT_RETAIN_SELF = YES;
				CLANG_WARN_OBJC_LITERAL_CONVERSION = YES;
				CLANG_WARN_OBJC_ROOT_CLASS = YES_ERROR;
				CLANG_WARN_QUOTED_INCLUDE_IN_FRAMEWORK_HEADER = YES;
				CLANG_WARN_RANGE_LOOP_ANALYSIS = YES;
				CLANG_WARN_STRICT_PROTOTYPES = YES;
				CLANG_WARN_SUSPICIOUS_MOVE = YES;
				CLANG_WARN_UNGUARDED_AVAILABILITY = YES_AGGRESSIVE;
				CLANG_WARN_UNREACHABLE_CODE = YES;
				CLANG_WARN__DUPLICATE_METHOD_MATCH = YES;
				CODE_SIGN_IDENTITY = "Mac Developer";
				COPY_PHASE_STRIP = NO;
				DEAD_CODE_STRIPPING = YES;
				DEBUG_INFORMATION_FORMAT = dwarf;
				ENABLE_STRICT_OBJC_MSGSEND = YES;
				ENABLE_TESTABILITY = YES;
				GCC_C_LANGUAGE_STANDARD = gnu11;
				GCC_DYNAMIC_NO_PIC = NO;
				GCC_NO_COMMON_BLOCKS = YES;
				GCC_OPTIMIZATION_LEVEL = 0;
				GCC_PREPROCESSOR_DEFINITIONS = (
					"DEBUG=1",
					"$(inherited)",
				);
				GCC_WARN_64_TO_32_BIT_CONVERSION = YES;
				GCC_WARN_ABOUT_RETURN_TYPE = YES_ERROR;
				GCC_WARN_UNDECLARED_SELECTOR = YES;
				GCC_WARN_UNINITIALIZED_AUTOS = YES_AGGRESSIVE;
				GCC_WARN_UNUSED_FUNCTION = YES;
				GCC_WARN_UNUSED_VARIABLE = YES;
				MACOSX_DEPLOYMENT_TARGET = 12.0;
				MTL_ENABLE_DEBUG_INFO = INCLUDE_SOURCE;
				MTL_FAST_MATH = YES;
				ONLY_ACTIVE_ARCH = YES;
				SDKROOT = macosx;
				SWIFT_ACTIVE_COMPILATION_CONDITIONS = DEBUG;
				SWIFT_OPTIMIZATION_LEVEL = "-Onone";
			};
			name = Debug;
		};
		793292A521FF12D900589385 /* Release */ = {
			isa = XCBuildConfiguration;
			buildSettings = {
				ALWAYS_SEARCH_USER_PATHS = NO;
				CLANG_ANALYZER_NONNULL = YES;
				CLANG_ANALYZER_NUMBER_OBJECT_CONVERSION = YES_AGGRESSIVE;
				CLANG_CXX_LANGUAGE_STANDARD = "gnu++14";
				CLANG_CXX_LIBRARY = "libc++";
				CLANG_ENABLE_MODULES = YES;
				CLANG_ENABLE_OBJC_ARC = YES;
				CLANG_ENABLE_OBJC_WEAK = YES;
				CLANG_WARN_BLOCK_CAPTURE_AUTORELEASING = YES;
				CLANG_WARN_BOOL_CONVERSION = YES;
				CLANG_WARN_COMMA = YES;
				CLANG_WARN_CONSTANT_CONVERSION = YES;
				CLANG_WARN_DEPRECATED_OBJC_IMPLEMENTATIONS = YES;
				CLANG_WARN_DIRECT_OBJC_ISA_USAGE = YES_ERROR;
				CLANG_WARN_DOCUMENTATION_COMMENTS = YES;
				CLANG_WARN_EMPTY_BODY = YES;
				CLANG_WARN_ENUM_CONVERSION = YES;
				CLANG_WARN_INFINITE_RECURSION = YES;
				CLANG_WARN_INT_CONVERSION = YES;
				CLANG_WARN_NON_LITERAL_NULL_CONVERSION = YES;
				CLANG_WARN_OBJC_IMPLICIT_RETAIN_SELF = YES;
				CLANG_WARN_OBJC_LITERAL_CONVERSION = YES;
				CLANG_WARN_OBJC_ROOT_CLASS = YES_ERROR;
				CLANG_WARN_QUOTED_INCLUDE_IN_FRAMEWORK_HEADER = YES;
				CLANG_WARN_RANGE_LOOP_ANALYSIS = YES;
				CLANG_WARN_STRICT_PROTOTYPES = YES;
				CLANG_WARN_SUSPICIOUS_MOVE = YES;
				CLANG_WARN_UNGUARDED_AVAILABILITY = YES_AGGRESSIVE;
				CLANG_WARN_UNREACHABLE_CODE = YES;
				CLANG_WARN__DUPLICATE_METHOD_MATCH = YES;
				CODE_SIGN_IDENTITY = "Mac Developer";
				COPY_PHASE_STRIP = NO;
				DEAD_CODE_STRIPPING = YES;
				DEBUG_INFORMATION_FORMAT = "dwarf-with-dsym";
				ENABLE_NS_ASSERTIONS = NO;
				ENABLE_STRICT_OBJC_MSGSEND = YES;
				GCC_C_LANGUAGE_STANDARD = gnu11;
				GCC_NO_COMMON_BLOCKS = YES;
				GCC_WARN_64_TO_32_BIT_CONVERSION = YES;
				GCC_WARN_ABOUT_RETURN_TYPE = YES_ERROR;
				GCC_WARN_UNDECLARED_SELECTOR = YES;
				GCC_WARN_UNINITIALIZED_AUTOS = YES_AGGRESSIVE;
				GCC_WARN_UNUSED_FUNCTION = YES;
				GCC_WARN_UNUSED_VARIABLE = YES;
				MACOSX_DEPLOYMENT_TARGET = 12.0;
				MTL_ENABLE_DEBUG_INFO = NO;
				MTL_FAST_MATH = YES;
				SDKROOT = macosx;
				SWIFT_COMPILATION_MODE = wholemodule;
				SWIFT_OPTIMIZATION_LEVEL = "-O";
			};
			name = Release;
		};
		793292A721FF12D900589385 /* Debug */ = {
			isa = XCBuildConfiguration;
			buildSettings = {
				ASSETCATALOG_COMPILER_APPICON_NAME = AppIcon;
				CODE_SIGN_ENTITLEMENTS = Dreadline/Dreadline.entitlements;
				CODE_SIGN_IDENTITY = "-";
				CODE_SIGN_STYLE = Automatic;
				COMBINE_HIDPI_IMAGES = YES;
				DEAD_CODE_STRIPPING = YES;
				DEVELOPMENT_TEAM = L2BC5TCSR5;
				ENABLE_HARDENED_RUNTIME = YES;
				INFOPLIST_FILE = Dreadline/Info.plist;
				LD_RUNPATH_SEARCH_PATHS = (
					"$(inherited)",
					"@executable_path/../Frameworks",
				);
				MACOSX_DEPLOYMENT_TARGET = "$(RECOMMENDED_MACOSX_DEPLOYMENT_TARGET)";
				PRODUCT_BUNDLE_IDENTIFIER = "com.Garagem-Infinita.Dreadline";
				PRODUCT_NAME = "$(TARGET_NAME)";
				SWIFT_VERSION = 5.0;
			};
			name = Debug;
		};
		793292A821FF12D900589385 /* Release */ = {
			isa = XCBuildConfiguration;
			buildSettings = {
				ASSETCATALOG_COMPILER_APPICON_NAME = AppIcon;
				CODE_SIGN_ENTITLEMENTS = Dreadline/Dreadline.entitlements;
				CODE_SIGN_IDENTITY = "-";
				CODE_SIGN_STYLE = Automatic;
				COMBINE_HIDPI_IMAGES = YES;
				DEAD_CODE_STRIPPING = YES;
				DEVELOPMENT_TEAM = L2BC5TCSR5;
				ENABLE_HARDENED_RUNTIME = YES;
				INFOPLIST_FILE = Dreadline/Info.plist;
				LD_RUNPATH_SEARCH_PATHS = (
					"$(inherited)",
					"@executable_path/../Frameworks",
				);
				MACOSX_DEPLOYMENT_TARGET = "$(RECOMMENDED_MACOSX_DEPLOYMENT_TARGET)";
				PRODUCT_BUNDLE_IDENTIFIER = "com.Garagem-Infinita.Dreadline";
				PRODUCT_NAME = "$(TARGET_NAME)";
				SWIFT_VERSION = 5.0;
			};
			name = Release;
		};
/* End XCBuildConfiguration section */

/* Begin XCConfigurationList section */
		7932928F21FF12D700589385 /* Build configuration list for PBXProject "Dreadline" */ = {
			isa = XCConfigurationList;
			buildConfigurations = (
				793292A421FF12D900589385 /* Debug */,
				793292A521FF12D900589385 /* Release */,
			);
			defaultConfigurationIsVisible = 0;
			defaultConfigurationName = Release;
		};
		793292A621FF12D900589385 /* Build configuration list for PBXNativeTarget "Dreadline" */ = {
			isa = XCConfigurationList;
			buildConfigurations = (
				793292A721FF12D900589385 /* Debug */,
				793292A821FF12D900589385 /* Release */,
			);
			defaultConfigurationIsVisible = 0;
			defaultConfigurationName = Release;
		};
/* End XCConfigurationList section */
	};
	rootObject = 7932928C21FF12D700589385 /* Project object */;
}
